
Microsoft Visual Studio Solution File, Format Version 12.00
Project("{FAE04EC0-301F-11D3-BF4B-00C04F79EFBC}") = "KPO_1", "KPO_1\KPO_1.csproj", "{3779475A-9229-42BE-B357-169F776ECCF7}"
EndProject
Project("{FAE04EC0-301F-11D3-BF4B-00C04F79EFBC}") = "Tests", "Tests\Tests.csproj", "{A1A29EDB-C877-4D74-BAB6-DD30CBF179D4}"
EndProject
Global
	GlobalSection(SolutionConfigurationPlatforms) = preSolution
		Debug|Any CPU = Debug|Any CPU
		Release|Any CPU = Release|Any CPU
	EndGlobalSection
	GlobalSection(ProjectConfigurationPlatforms) = postSolution
		{3779475A-9229-42BE-B357-169F776ECCF7}.Debug|Any CPU.ActiveCfg = Debug|Any CPU
		{3779475A-9229-42BE-B357-169F776ECCF7}.Debug|Any CPU.Build.0 = Debug|Any CPU
		{3779475A-9229-42BE-B357-169F776ECCF7}.Release|Any CPU.ActiveCfg = Release|Any CPU
		{3779475A-9229-42BE-B357-169F776ECCF7}.Release|Any CPU.Build.0 = Release|Any CPU
		{A1A29EDB-C877-4D74-BAB6-DD30CBF179D4}.Debug|Any CPU.ActiveCfg = Debug|Any CPU
		{A1A29EDB-C877-4D74-BAB6-DD30CBF179D4}.Debug|Any CPU.Build.0 = Debug|Any CPU
		{A1A29EDB-C877-4D74-BAB6-DD30CBF179D4}.Release|Any CPU.ActiveCfg = Release|Any CPU
		{A1A29EDB-C877-4D74-BAB6-DD30CBF179D4}.Release|Any CPU.Build.0 = Release|Any CPU
	EndGlobalSection
EndGlobal
